PODS:
  - FBSnapshotTestCase (2.1.4):
    - FBSnapshotTestCase/SwiftSupport (= 2.1.4)
  - FBSnapshotTestCase/Core (2.1.4)
  - FBSnapshotTestCase/SwiftSupport (2.1.4):
    - FBSnapshotTestCase/Core
  - KSCircleProgressView (0.1.0)
  - Nimble (7.3.4)
  - Nimble-Snapshots (6.3.0):
    - Nimble-Snapshots/Core (= 6.3.0)
  - Nimble-Snapshots/Core (6.3.0):
    - FBSnapshotTestCase (~> 2.0)
    - Nimble (~> 7.0)
  - Quick (1.2.0)
  - RxCocoa (4.5.0):
    - RxSwift (>= 4.4.2, ~> 4.4)
  - RxSwift (4.5.0)
  - SnapKit (4.2.0)

DEPENDENCIES:
  - FBSnapshotTestCase (~> 2.1.4)
  - KSCircleProgressView (from `../`)
  - Nimble (~> 7.0)
  - Nimble-Snapshots (~> 6.3.0)
  - Quick (~> 1.2.0)
  - RxCocoa (~> 4.0)
  - RxSwift (~> 4.0)
  - SnapKit

SPEC REPOS:
  trunk:
    - FBSnapshotTestCase
    - Nimble
    - Nimble-Snapshots
    - Quick
    - RxCocoa
    - RxSwift
    - SnapKit

EXTERNAL SOURCES:
  KSCircleProgressView:
    :path: "../"

SPEC CHECKSUMS:
  FBSnapshotTestCase: 094f9f314decbabe373b87cc339bea235a63e07a
  KSCircleProgressView: eefc1419a4540a80842821446553a565c6663642
  Nimble: 051e3d8912d40138fa5591c78594f95fb172af37
  Nimble-Snapshots: f5459b5b091678dc942d03ec4741cacb58ba4a52
  Quick: 58d203b1c5e27fff7229c4c1ae445ad7069a7a08
  RxCocoa: cbf70265dc65a981d4ac982e513c10cf23df24a0
  RxSwift: f172070dfd1a93d70a9ab97a5a01166206e1c575
  SnapKit: fe8a619752f3f27075cc9a90244d75c6c3f27e2a

PODFILE CHECKSUM: e25627cb5d5023447c0022878bf2008601dccd47

COCOAPODS: 1.8.4
